{
  "name": "CS410 Project",
  "lockfileVersion": 2,
  "requires": true,
  "packages": {
    "": {
      "dependencies": {
        "spawner": "^0.0.1"
      }
    },
    "node_modules/spawner": {
      "version": "0.0.1",
      "resolved": "https://registry.npmjs.org/spawner/-/spawner-0.0.1.tgz",
      "integrity": "sha512-vDZNsNY3vks9YW5FzxLU/GmSTTdM9RhjTbsWS6yO2+yjljMKMVXJApvbYujhI4JWCpnY0Je3692DmbidNYZ6aw=="
    }
  },
  "dependencies": {
    "spawner": {
      "version": "0.0.1",
      "resolved": "https://registry.npmjs.org/spawner/-/spawner-0.0.1.tgz",
      "integrity": "sha512-vDZNsNY3vks9YW5FzxLU/GmSTTdM9RhjTbsWS6yO2+yjljMKMVXJApvbYujhI4JWCpnY0Je3692DmbidNYZ6aw=="
    }
  }
}
